
Microsoft Visual Studio Solution File, Format Version 12.00
# Visual Studio 14
VisualStudioVersion = 14.0.25420.1
MinimumVisualStudioVersion = 10.0.40219.1
Project("{FAE04EC0-301F-11D3-BF4B-00C04F79EFBC}") = "01-CubicArtillery", "01-CubicArtillery\01-CubicArtillery.csproj", "{95E7F4DC-F542-4E64-B345-7E7A75ECB71A}"
EndProject
Project("{FAE04EC0-301F-11D3-BF4B-00C04F79EFBC}") = "02-CubicsRube", "02-CubicsRube\02-CubicsRube.csproj", "{879D1168-E555-458D-B00D-4ADB2DED2BCF}"
EndProject
Project("{FAE04EC0-301F-11D3-BF4B-00C04F79EFBC}") = "03-CubiksMessages", "03-CubiksMessages\03-CubiksMessages.csproj", "{D54F1AA5-3D7A-474E-B169-34424EBA7AD8}"
EndProject
Project("{FAE04EC0-301F-11D3-BF4B-00C04F79EFBC}") = "04-CubicAssault", "04-CubicAssault\04-CubicAssault.csproj", "{4F050D91-533B-4731-B28E-CEBB4B77DBBA}"
EndProject
Global
	GlobalSection(SolutionConfigurationPlatforms) = preSolution
		Debug|Any CPU = Debug|Any CPU
		Release|Any CPU = Release|Any CPU
	EndGlobalSection
	GlobalSection(ProjectConfigurationPlatforms) = postSolution
		{95E7F4DC-F542-4E64-B345-7E7A75ECB71A}.Debug|Any CPU.ActiveCfg = Debug|Any CPU
		{95E7F4DC-F542-4E64-B345-7E7A75ECB71A}.Debug|Any CPU.Build.0 = Debug|Any CPU
		{95E7F4DC-F542-4E64-B345-7E7A75ECB71A}.Release|Any CPU.ActiveCfg = Release|Any CPU
		{95E7F4DC-F542-4E64-B345-7E7A75ECB71A}.Release|Any CPU.Build.0 = Release|Any CPU
		{879D1168-E555-458D-B00D-4ADB2DED2BCF}.Debug|Any CPU.ActiveCfg = Debug|Any CPU
		{879D1168-E555-458D-B00D-4ADB2DED2BCF}.Debug|Any CPU.Build.0 = Debug|Any CPU
		{879D1168-E555-458D-B00D-4ADB2DED2BCF}.Release|Any CPU.ActiveCfg = Release|Any CPU
		{879D1168-E555-458D-B00D-4ADB2DED2BCF}.Release|Any CPU.Build.0 = Release|Any CPU
		{D54F1AA5-3D7A-474E-B169-34424EBA7AD8}.Debug|Any CPU.ActiveCfg = Debug|Any CPU
		{D54F1AA5-3D7A-474E-B169-34424EBA7AD8}.Debug|Any CPU.Build.0 = Debug|Any CPU
		{D54F1AA5-3D7A-474E-B169-34424EBA7AD8}.Release|Any CPU.ActiveCfg = Release|Any CPU
		{D54F1AA5-3D7A-474E-B169-34424EBA7AD8}.Release|Any CPU.Build.0 = Release|Any CPU
		{4F050D91-533B-4731-B28E-CEBB4B77DBBA}.Debug|Any CPU.ActiveCfg = Debug|Any CPU
		{4F050D91-533B-4731-B28E-CEBB4B77DBBA}.Debug|Any CPU.Build.0 = Debug|Any CPU
		{4F050D91-533B-4731-B28E-CEBB4B77DBBA}.Release|Any CPU.ActiveCfg = Release|Any CPU
		{4F050D91-533B-4731-B28E-CEBB4B77DBBA}.Release|Any CPU.Build.0 = Release|Any CPU
	EndGlobalSection
	GlobalSection(SolutionProperties) = preSolution
		HideSolutionNode = FALSE
	EndGlobalSection
EndGlobal
