
Microsoft Visual Studio Solution File, Format Version 12.00
# Visual Studio 14
VisualStudioVersion = 14.0.25420.1
MinimumVisualStudioVersion = 10.0.40219.1
Project("{FAE04EC0-301F-11D3-BF4B-00C04F79EFBC}") = "L01-SumOfAllElementsOfMatrix", "L01-SumOfAllElementsOfMatrix\L01-SumOfAllElementsOfMatrix.csproj", "{2557936E-3D2B-4093-B608-E447D57E01A1}"
EndProject
Project("{FAE04EC0-301F-11D3-BF4B-00C04F79EFBC}") = "L02-SquareWithMaximumSum", "L02-SquareWithMaximumSum\L02-SquareWithMaximumSum.csproj", "{37C9C68F-658A-4AEC-9950-683F1218470B}"
EndProject
Project("{FAE04EC0-301F-11D3-BF4B-00C04F79EFBC}") = "L03-GroupNumbers", "L03-GroupNumbers\L03-GroupNumbers.csproj", "{CEC1C7B7-37DA-46C8-8518-C3867F61AAAA}"
EndProject
Project("{FAE04EC0-301F-11D3-BF4B-00C04F79EFBC}") = "L04-PascalTriangle", "L04-PascalTriangle\L04-PascalTriangle.csproj", "{440630AD-07F4-439C-B45F-18CF1B09B2F1}"
EndProject
Project("{FAE04EC0-301F-11D3-BF4B-00C04F79EFBC}") = "E01-MatrixOfPalindromes", "E01-MatrixOfPalindromes\E01-MatrixOfPalindromes.csproj", "{631ED018-8647-40B2-B2C8-AEE1E061B6B4}"
EndProject
Project("{FAE04EC0-301F-11D3-BF4B-00C04F79EFBC}") = "E02-DiagonalDifference", "E02-DiagonalDifference\E02-DiagonalDifference.csproj", "{1BDA2FEB-461A-4080-8F7F-49236139E613}"
EndProject
Project("{FAE04EC0-301F-11D3-BF4B-00C04F79EFBC}") = "E03-SquaresInMatrix", "E03-SquaresInMatrix\E03-SquaresInMatrix.csproj", "{F9D1EDFE-3200-48A3-8BFC-2A683B1963E5}"
EndProject
Project("{FAE04EC0-301F-11D3-BF4B-00C04F79EFBC}") = "E04-MaxSum", "E04-MaxSum\E04-MaxSum.csproj", "{B80FD762-0702-439D-8131-F9B79522E894}"
EndProject
Project("{FAE04EC0-301F-11D3-BF4B-00C04F79EFBC}") = "E05-RubiksMatrix", "E05-RubiksMatrix\E05-RubiksMatrix.csproj", "{ED8814DC-6EB2-46D4-AC59-B3494065E106}"
EndProject
Project("{FAE04EC0-301F-11D3-BF4B-00C04F79EFBC}") = "E06-TargetPractice", "E06-TargetPractice\E06-TargetPractice.csproj", "{39978FF9-AAEA-4559-8384-4A0A936078B0}"
EndProject
Project("{FAE04EC0-301F-11D3-BF4B-00C04F79EFBC}") = "E07-LegoBlocks", "E07-LegoBlocks\E07-LegoBlocks.csproj", "{1B68E128-3BBB-495F-9B07-7398534F0CA4}"
EndProject
Project("{FAE04EC0-301F-11D3-BF4B-00C04F79EFBC}") = "E08-RadioactiveBunnies", "E08-RadioactiveBunnies\E08-RadioactiveBunnies.csproj", "{33CB13A4-6B40-493B-B1C4-79B53753712B}"
EndProject
Project("{FAE04EC0-301F-11D3-BF4B-00C04F79EFBC}") = "E09-Crossfire", "E09-Crossfire\E09-Crossfire.csproj", "{CF172014-2C2E-49D7-9F8F-4B904ADBA461}"
EndProject
Project("{FAE04EC0-301F-11D3-BF4B-00C04F79EFBC}") = "E10-TheHeiganDance", "E10-TheHeiganDance\E10-TheHeiganDance.csproj", "{9B786B02-97DC-489D-B396-AEC95B5ECE4B}"
EndProject
Project("{FAE04EC0-301F-11D3-BF4B-00C04F79EFBC}") = "E11-ParkingSystem", "E11-ParkingSystem\E11-ParkingSystem.csproj", "{3254A23A-B007-4E1D-AF64-3F8772491ADC}"
EndProject
Project("{FAE04EC0-301F-11D3-BF4B-00C04F79EFBC}") = "E11-ParkingSystem2", "E11-ParkingSystem2\E11-ParkingSystem2.csproj", "{51526631-5E2C-45EC-B8A6-D29FC7A8FFEB}"
EndProject
Project("{FAE04EC0-301F-11D3-BF4B-00C04F79EFBC}") = "E12-StringMatrixRotation", "E12-StringMatrixRotation\E12-StringMatrixRotation.csproj", "{16CE26A4-3D2B-41C8-8E9F-9C84A490B8A7}"
EndProject
Global
	GlobalSection(SolutionConfigurationPlatforms) = preSolution
		Debug|Any CPU = Debug|Any CPU
		Release|Any CPU = Release|Any CPU
	EndGlobalSection
	GlobalSection(ProjectConfigurationPlatforms) = postSolution
		{2557936E-3D2B-4093-B608-E447D57E01A1}.Debug|Any CPU.ActiveCfg = Debug|Any CPU
		{2557936E-3D2B-4093-B608-E447D57E01A1}.Debug|Any CPU.Build.0 = Debug|Any CPU
		{2557936E-3D2B-4093-B608-E447D57E01A1}.Release|Any CPU.ActiveCfg = Release|Any CPU
		{2557936E-3D2B-4093-B608-E447D57E01A1}.Release|Any CPU.Build.0 = Release|Any CPU
		{37C9C68F-658A-4AEC-9950-683F1218470B}.Debug|Any CPU.ActiveCfg = Debug|Any CPU
		{37C9C68F-658A-4AEC-9950-683F1218470B}.Debug|Any CPU.Build.0 = Debug|Any CPU
		{37C9C68F-658A-4AEC-9950-683F1218470B}.Release|Any CPU.ActiveCfg = Release|Any CPU
		{37C9C68F-658A-4AEC-9950-683F1218470B}.Release|Any CPU.Build.0 = Release|Any CPU
		{CEC1C7B7-37DA-46C8-8518-C3867F61AAAA}.Debug|Any CPU.ActiveCfg = Debug|Any CPU
		{CEC1C7B7-37DA-46C8-8518-C3867F61AAAA}.Debug|Any CPU.Build.0 = Debug|Any CPU
		{CEC1C7B7-37DA-46C8-8518-C3867F61AAAA}.Release|Any CPU.ActiveCfg = Release|Any CPU
		{CEC1C7B7-37DA-46C8-8518-C3867F61AAAA}.Release|Any CPU.Build.0 = Release|Any CPU
		{440630AD-07F4-439C-B45F-18CF1B09B2F1}.Debug|Any CPU.ActiveCfg = Debug|Any CPU
		{440630AD-07F4-439C-B45F-18CF1B09B2F1}.Debug|Any CPU.Build.0 = Debug|Any CPU
		{440630AD-07F4-439C-B45F-18CF1B09B2F1}.Release|Any CPU.ActiveCfg = Release|Any CPU
		{440630AD-07F4-439C-B45F-18CF1B09B2F1}.Release|Any CPU.Build.0 = Release|Any CPU
		{631ED018-8647-40B2-B2C8-AEE1E061B6B4}.Debug|Any CPU.ActiveCfg = Debug|Any CPU
		{631ED018-8647-40B2-B2C8-AEE1E061B6B4}.Debug|Any CPU.Build.0 = Debug|Any CPU
		{631ED018-8647-40B2-B2C8-AEE1E061B6B4}.Release|Any CPU.ActiveCfg = Release|Any CPU
		{631ED018-8647-40B2-B2C8-AEE1E061B6B4}.Release|Any CPU.Build.0 = Release|Any CPU
		{1BDA2FEB-461A-4080-8F7F-49236139E613}.Debug|Any CPU.ActiveCfg = Debug|Any CPU
		{1BDA2FEB-461A-4080-8F7F-49236139E613}.Debug|Any CPU.Build.0 = Debug|Any CPU
		{1BDA2FEB-461A-4080-8F7F-49236139E613}.Release|Any CPU.ActiveCfg = Release|Any CPU
		{1BDA2FEB-461A-4080-8F7F-49236139E613}.Release|Any CPU.Build.0 = Release|Any CPU
		{F9D1EDFE-3200-48A3-8BFC-2A683B1963E5}.Debug|Any CPU.ActiveCfg = Debug|Any CPU
		{F9D1EDFE-3200-48A3-8BFC-2A683B1963E5}.Debug|Any CPU.Build.0 = Debug|Any CPU
		{F9D1EDFE-3200-48A3-8BFC-2A683B1963E5}.Release|Any CPU.ActiveCfg = Release|Any CPU
		{F9D1EDFE-3200-48A3-8BFC-2A683B1963E5}.Release|Any CPU.Build.0 = Release|Any CPU
		{B80FD762-0702-439D-8131-F9B79522E894}.Debug|Any CPU.ActiveCfg = Debug|Any CPU
		{B80FD762-0702-439D-8131-F9B79522E894}.Debug|Any CPU.Build.0 = Debug|Any CPU
		{B80FD762-0702-439D-8131-F9B79522E894}.Release|Any CPU.ActiveCfg = Release|Any CPU
		{B80FD762-0702-439D-8131-F9B79522E894}.Release|Any CPU.Build.0 = Release|Any CPU
		{ED8814DC-6EB2-46D4-AC59-B3494065E106}.Debug|Any CPU.ActiveCfg = Debug|Any CPU
		{ED8814DC-6EB2-46D4-AC59-B3494065E106}.Debug|Any CPU.Build.0 = Debug|Any CPU
		{ED8814DC-6EB2-46D4-AC59-B3494065E106}.Release|Any CPU.ActiveCfg = Release|Any CPU
		{ED8814DC-6EB2-46D4-AC59-B3494065E106}.Release|Any CPU.Build.0 = Release|Any CPU
		{39978FF9-AAEA-4559-8384-4A0A936078B0}.Debug|Any CPU.ActiveCfg = Debug|Any CPU
		{39978FF9-AAEA-4559-8384-4A0A936078B0}.Debug|Any CPU.Build.0 = Debug|Any CPU
		{39978FF9-AAEA-4559-8384-4A0A936078B0}.Release|Any CPU.ActiveCfg = Release|Any CPU
		{39978FF9-AAEA-4559-8384-4A0A936078B0}.Release|Any CPU.Build.0 = Release|Any CPU
		{1B68E128-3BBB-495F-9B07-7398534F0CA4}.Debug|Any CPU.ActiveCfg = Debug|Any CPU
		{1B68E128-3BBB-495F-9B07-7398534F0CA4}.Debug|Any CPU.Build.0 = Debug|Any CPU
		{1B68E128-3BBB-495F-9B07-7398534F0CA4}.Release|Any CPU.ActiveCfg = Release|Any CPU
		{1B68E128-3BBB-495F-9B07-7398534F0CA4}.Release|Any CPU.Build.0 = Release|Any CPU
		{33CB13A4-6B40-493B-B1C4-79B53753712B}.Debug|Any CPU.ActiveCfg = Debug|Any CPU
		{33CB13A4-6B40-493B-B1C4-79B53753712B}.Debug|Any CPU.Build.0 = Debug|Any CPU
		{33CB13A4-6B40-493B-B1C4-79B53753712B}.Release|Any CPU.ActiveCfg = Release|Any CPU
		{33CB13A4-6B40-493B-B1C4-79B53753712B}.Release|Any CPU.Build.0 = Release|Any CPU
		{CF172014-2C2E-49D7-9F8F-4B904ADBA461}.Debug|Any CPU.ActiveCfg = Debug|Any CPU
		{CF172014-2C2E-49D7-9F8F-4B904ADBA461}.Debug|Any CPU.Build.0 = Debug|Any CPU
		{CF172014-2C2E-49D7-9F8F-4B904ADBA461}.Release|Any CPU.ActiveCfg = Release|Any CPU
		{CF172014-2C2E-49D7-9F8F-4B904ADBA461}.Release|Any CPU.Build.0 = Release|Any CPU
		{9B786B02-97DC-489D-B396-AEC95B5ECE4B}.Debug|Any CPU.ActiveCfg = Debug|Any CPU
		{9B786B02-97DC-489D-B396-AEC95B5ECE4B}.Debug|Any CPU.Build.0 = Debug|Any CPU
		{9B786B02-97DC-489D-B396-AEC95B5ECE4B}.Release|Any CPU.ActiveCfg = Release|Any CPU
		{9B786B02-97DC-489D-B396-AEC95B5ECE4B}.Release|Any CPU.Build.0 = Release|Any CPU
		{3254A23A-B007-4E1D-AF64-3F8772491ADC}.Debug|Any CPU.ActiveCfg = Debug|Any CPU
		{3254A23A-B007-4E1D-AF64-3F8772491ADC}.Debug|Any CPU.Build.0 = Debug|Any CPU
		{3254A23A-B007-4E1D-AF64-3F8772491ADC}.Release|Any CPU.ActiveCfg = Release|Any CPU
		{3254A23A-B007-4E1D-AF64-3F8772491ADC}.Release|Any CPU.Build.0 = Release|Any CPU
		{51526631-5E2C-45EC-B8A6-D29FC7A8FFEB}.Debug|Any CPU.ActiveCfg = Debug|Any CPU
		{51526631-5E2C-45EC-B8A6-D29FC7A8FFEB}.Debug|Any CPU.Build.0 = Debug|Any CPU
		{51526631-5E2C-45EC-B8A6-D29FC7A8FFEB}.Release|Any CPU.ActiveCfg = Release|Any CPU
		{51526631-5E2C-45EC-B8A6-D29FC7A8FFEB}.Release|Any CPU.Build.0 = Release|Any CPU
		{16CE26A4-3D2B-41C8-8E9F-9C84A490B8A7}.Debug|Any CPU.ActiveCfg = Debug|Any CPU
		{16CE26A4-3D2B-41C8-8E9F-9C84A490B8A7}.Debug|Any CPU.Build.0 = Debug|Any CPU
		{16CE26A4-3D2B-41C8-8E9F-9C84A490B8A7}.Release|Any CPU.ActiveCfg = Release|Any CPU
		{16CE26A4-3D2B-41C8-8E9F-9C84A490B8A7}.Release|Any CPU.Build.0 = Release|Any CPU
	EndGlobalSection
	GlobalSection(SolutionProperties) = preSolution
		HideSolutionNode = FALSE
	EndGlobalSection
EndGlobal
