
Microsoft Visual Studio Solution File, Format Version 12.00
# Visual Studio 14
VisualStudioVersion = 14.0.25420.1
MinimumVisualStudioVersion = 10.0.40219.1
Project("{FAE04EC0-301F-11D3-BF4B-00C04F79EFBC}") = "L01-ParkingLot", "L01-ParkingLot\L01-ParkingLot.csproj", "{D335C0B1-D996-4B83-94DC-F89A03DA6993}"
EndProject
Project("{FAE04EC0-301F-11D3-BF4B-00C04F79EFBC}") = "L02-SoftUniParty", "L02-SoftUniParty\L02-SoftUniParty.csproj", "{D7EE5504-4FD4-4700-91F2-E4916E5C1681}"
EndProject
Project("{FAE04EC0-301F-11D3-BF4B-00C04F79EFBC}") = "L03-CountSameValuesInArray", "L03-CountSameValuesInArray\L03-CountSameValuesInArray.csproj", "{2502D1FF-16D2-467A-B05A-78A5D2A7DE8C}"
EndProject
Project("{FAE04EC0-301F-11D3-BF4B-00C04F79EFBC}") = "L04-AcademyGraduation", "L04-AcademyGraduation\L04-AcademyGraduation.csproj", "{E9E40426-9980-4410-970B-306814181D63}"
EndProject
Project("{FAE04EC0-301F-11D3-BF4B-00C04F79EFBC}") = "E01-UniqueUsernames", "E01-UniqueUsernames\E01-UniqueUsernames.csproj", "{A2A315E0-AA59-4FD6-B501-8BDD496DBFA8}"
EndProject
Project("{FAE04EC0-301F-11D3-BF4B-00C04F79EFBC}") = "E02-SetsOfElements", "E02-SetsOfElements\E02-SetsOfElements.csproj", "{6D5F1237-24F7-4906-BAE4-B94959D56F3F}"
EndProject
Project("{FAE04EC0-301F-11D3-BF4B-00C04F79EFBC}") = "E03-PeriodicTable", "E03-PeriodicTable\E03-PeriodicTable.csproj", "{AA5F785C-5014-4654-8F7A-83562CF47CBD}"
EndProject
Project("{FAE04EC0-301F-11D3-BF4B-00C04F79EFBC}") = "E04-CountSymbols", "E04-CountSymbols\E04-CountSymbols.csproj", "{639F2201-91CA-4756-898E-41D36C3F66B8}"
EndProject
Project("{FAE04EC0-301F-11D3-BF4B-00C04F79EFBC}") = "E05-Phonebook", "E05-Phonebook\E05-Phonebook.csproj", "{81CBC228-4A7C-4A1E-84CC-718B07ED5088}"
EndProject
Project("{FAE04EC0-301F-11D3-BF4B-00C04F79EFBC}") = "E06-MinersTask", "E06-MinersTask\E06-MinersTask.csproj", "{D9C414A8-1417-4AD1-831D-552B6605BFDF}"
EndProject
Project("{FAE04EC0-301F-11D3-BF4B-00C04F79EFBC}") = "E07-FixEmails", "E07-FixEmails\E07-FixEmails.csproj", "{2E440CDC-0B87-4363-9CE3-19CFCFA83256}"
EndProject
Project("{FAE04EC0-301F-11D3-BF4B-00C04F79EFBC}") = "E08-HandsOfCards", "E08-HandsOfCards\E08-HandsOfCards.csproj", "{A6A81F06-C5B0-431E-9C03-067C86931DAE}"
EndProject
Project("{FAE04EC0-301F-11D3-BF4B-00C04F79EFBC}") = "E09-UserLogs", "E09-UserLogs\E09-UserLogs.csproj", "{454D27F5-19A3-45C4-904D-6261D599170A}"
EndProject
Project("{FAE04EC0-301F-11D3-BF4B-00C04F79EFBC}") = "E10-PopulationCounter", "E10-PopulationCounter\E10-PopulationCounter.csproj", "{D65C24DB-B26D-4888-9ACA-9DC76F20B00E}"
EndProject
Project("{FAE04EC0-301F-11D3-BF4B-00C04F79EFBC}") = "E11-LogsAggregator", "E11-LogsAggregator\E11-LogsAggregator.csproj", "{902DEFC3-9617-45CA-9619-34349738628E}"
EndProject
Project("{FAE04EC0-301F-11D3-BF4B-00C04F79EFBC}") = "E12-LegendaryFarming", "E12-LegendaryFarming\E12-LegendaryFarming.csproj", "{F3505D3C-E0EC-4E46-83B4-5B1E2160BCE7}"
EndProject
Project("{FAE04EC0-301F-11D3-BF4B-00C04F79EFBC}") = "E13-SrabskoUnleashed", "E13-SrabskoUnleashed\E13-SrabskoUnleashed.csproj", "{EBAB235A-D082-404A-980B-3DE368803437}"
EndProject
Project("{FAE04EC0-301F-11D3-BF4B-00C04F79EFBC}") = "E14-DragonArmy", "E14-DragonArmy\E14-DragonArmy.csproj", "{6F7AFC09-B43E-44F0-81C6-BC683D7EC4F4}"
EndProject
Global
	GlobalSection(SolutionConfigurationPlatforms) = preSolution
		Debug|Any CPU = Debug|Any CPU
		Release|Any CPU = Release|Any CPU
	EndGlobalSection
	GlobalSection(ProjectConfigurationPlatforms) = postSolution
		{D335C0B1-D996-4B83-94DC-F89A03DA6993}.Debug|Any CPU.ActiveCfg = Debug|Any CPU
		{D335C0B1-D996-4B83-94DC-F89A03DA6993}.Debug|Any CPU.Build.0 = Debug|Any CPU
		{D335C0B1-D996-4B83-94DC-F89A03DA6993}.Release|Any CPU.ActiveCfg = Release|Any CPU
		{D335C0B1-D996-4B83-94DC-F89A03DA6993}.Release|Any CPU.Build.0 = Release|Any CPU
		{D7EE5504-4FD4-4700-91F2-E4916E5C1681}.Debug|Any CPU.ActiveCfg = Debug|Any CPU
		{D7EE5504-4FD4-4700-91F2-E4916E5C1681}.Debug|Any CPU.Build.0 = Debug|Any CPU
		{D7EE5504-4FD4-4700-91F2-E4916E5C1681}.Release|Any CPU.ActiveCfg = Release|Any CPU
		{D7EE5504-4FD4-4700-91F2-E4916E5C1681}.Release|Any CPU.Build.0 = Release|Any CPU
		{2502D1FF-16D2-467A-B05A-78A5D2A7DE8C}.Debug|Any CPU.ActiveCfg = Debug|Any CPU
		{2502D1FF-16D2-467A-B05A-78A5D2A7DE8C}.Debug|Any CPU.Build.0 = Debug|Any CPU
		{2502D1FF-16D2-467A-B05A-78A5D2A7DE8C}.Release|Any CPU.ActiveCfg = Release|Any CPU
		{2502D1FF-16D2-467A-B05A-78A5D2A7DE8C}.Release|Any CPU.Build.0 = Release|Any CPU
		{E9E40426-9980-4410-970B-306814181D63}.Debug|Any CPU.ActiveCfg = Debug|Any CPU
		{E9E40426-9980-4410-970B-306814181D63}.Debug|Any CPU.Build.0 = Debug|Any CPU
		{E9E40426-9980-4410-970B-306814181D63}.Release|Any CPU.ActiveCfg = Release|Any CPU
		{E9E40426-9980-4410-970B-306814181D63}.Release|Any CPU.Build.0 = Release|Any CPU
		{A2A315E0-AA59-4FD6-B501-8BDD496DBFA8}.Debug|Any CPU.ActiveCfg = Debug|Any CPU
		{A2A315E0-AA59-4FD6-B501-8BDD496DBFA8}.Debug|Any CPU.Build.0 = Debug|Any CPU
		{A2A315E0-AA59-4FD6-B501-8BDD496DBFA8}.Release|Any CPU.ActiveCfg = Release|Any CPU
		{A2A315E0-AA59-4FD6-B501-8BDD496DBFA8}.Release|Any CPU.Build.0 = Release|Any CPU
		{6D5F1237-24F7-4906-BAE4-B94959D56F3F}.Debug|Any CPU.ActiveCfg = Debug|Any CPU
		{6D5F1237-24F7-4906-BAE4-B94959D56F3F}.Debug|Any CPU.Build.0 = Debug|Any CPU
		{6D5F1237-24F7-4906-BAE4-B94959D56F3F}.Release|Any CPU.ActiveCfg = Release|Any CPU
		{6D5F1237-24F7-4906-BAE4-B94959D56F3F}.Release|Any CPU.Build.0 = Release|Any CPU
		{AA5F785C-5014-4654-8F7A-83562CF47CBD}.Debug|Any CPU.ActiveCfg = Debug|Any CPU
		{AA5F785C-5014-4654-8F7A-83562CF47CBD}.Debug|Any CPU.Build.0 = Debug|Any CPU
		{AA5F785C-5014-4654-8F7A-83562CF47CBD}.Release|Any CPU.ActiveCfg = Release|Any CPU
		{AA5F785C-5014-4654-8F7A-83562CF47CBD}.Release|Any CPU.Build.0 = Release|Any CPU
		{639F2201-91CA-4756-898E-41D36C3F66B8}.Debug|Any CPU.ActiveCfg = Debug|Any CPU
		{639F2201-91CA-4756-898E-41D36C3F66B8}.Debug|Any CPU.Build.0 = Debug|Any CPU
		{639F2201-91CA-4756-898E-41D36C3F66B8}.Release|Any CPU.ActiveCfg = Release|Any CPU
		{639F2201-91CA-4756-898E-41D36C3F66B8}.Release|Any CPU.Build.0 = Release|Any CPU
		{81CBC228-4A7C-4A1E-84CC-718B07ED5088}.Debug|Any CPU.ActiveCfg = Debug|Any CPU
		{81CBC228-4A7C-4A1E-84CC-718B07ED5088}.Debug|Any CPU.Build.0 = Debug|Any CPU
		{81CBC228-4A7C-4A1E-84CC-718B07ED5088}.Release|Any CPU.ActiveCfg = Release|Any CPU
		{81CBC228-4A7C-4A1E-84CC-718B07ED5088}.Release|Any CPU.Build.0 = Release|Any CPU
		{D9C414A8-1417-4AD1-831D-552B6605BFDF}.Debug|Any CPU.ActiveCfg = Debug|Any CPU
		{D9C414A8-1417-4AD1-831D-552B6605BFDF}.Debug|Any CPU.Build.0 = Debug|Any CPU
		{D9C414A8-1417-4AD1-831D-552B6605BFDF}.Release|Any CPU.ActiveCfg = Release|Any CPU
		{D9C414A8-1417-4AD1-831D-552B6605BFDF}.Release|Any CPU.Build.0 = Release|Any CPU
		{2E440CDC-0B87-4363-9CE3-19CFCFA83256}.Debug|Any CPU.ActiveCfg = Debug|Any CPU
		{2E440CDC-0B87-4363-9CE3-19CFCFA83256}.Debug|Any CPU.Build.0 = Debug|Any CPU
		{2E440CDC-0B87-4363-9CE3-19CFCFA83256}.Release|Any CPU.ActiveCfg = Release|Any CPU
		{2E440CDC-0B87-4363-9CE3-19CFCFA83256}.Release|Any CPU.Build.0 = Release|Any CPU
		{A6A81F06-C5B0-431E-9C03-067C86931DAE}.Debug|Any CPU.ActiveCfg = Debug|Any CPU
		{A6A81F06-C5B0-431E-9C03-067C86931DAE}.Debug|Any CPU.Build.0 = Debug|Any CPU
		{A6A81F06-C5B0-431E-9C03-067C86931DAE}.Release|Any CPU.ActiveCfg = Release|Any CPU
		{A6A81F06-C5B0-431E-9C03-067C86931DAE}.Release|Any CPU.Build.0 = Release|Any CPU
		{454D27F5-19A3-45C4-904D-6261D599170A}.Debug|Any CPU.ActiveCfg = Debug|Any CPU
		{454D27F5-19A3-45C4-904D-6261D599170A}.Debug|Any CPU.Build.0 = Debug|Any CPU
		{454D27F5-19A3-45C4-904D-6261D599170A}.Release|Any CPU.ActiveCfg = Release|Any CPU
		{454D27F5-19A3-45C4-904D-6261D599170A}.Release|Any CPU.Build.0 = Release|Any CPU
		{D65C24DB-B26D-4888-9ACA-9DC76F20B00E}.Debug|Any CPU.ActiveCfg = Debug|Any CPU
		{D65C24DB-B26D-4888-9ACA-9DC76F20B00E}.Debug|Any CPU.Build.0 = Debug|Any CPU
		{D65C24DB-B26D-4888-9ACA-9DC76F20B00E}.Release|Any CPU.ActiveCfg = Release|Any CPU
		{D65C24DB-B26D-4888-9ACA-9DC76F20B00E}.Release|Any CPU.Build.0 = Release|Any CPU
		{902DEFC3-9617-45CA-9619-34349738628E}.Debug|Any CPU.ActiveCfg = Debug|Any CPU
		{902DEFC3-9617-45CA-9619-34349738628E}.Debug|Any CPU.Build.0 = Debug|Any CPU
		{902DEFC3-9617-45CA-9619-34349738628E}.Release|Any CPU.ActiveCfg = Release|Any CPU
		{902DEFC3-9617-45CA-9619-34349738628E}.Release|Any CPU.Build.0 = Release|Any CPU
		{F3505D3C-E0EC-4E46-83B4-5B1E2160BCE7}.Debug|Any CPU.ActiveCfg = Debug|Any CPU
		{F3505D3C-E0EC-4E46-83B4-5B1E2160BCE7}.Debug|Any CPU.Build.0 = Debug|Any CPU
		{F3505D3C-E0EC-4E46-83B4-5B1E2160BCE7}.Release|Any CPU.ActiveCfg = Release|Any CPU
		{F3505D3C-E0EC-4E46-83B4-5B1E2160BCE7}.Release|Any CPU.Build.0 = Release|Any CPU
		{EBAB235A-D082-404A-980B-3DE368803437}.Debug|Any CPU.ActiveCfg = Debug|Any CPU
		{EBAB235A-D082-404A-980B-3DE368803437}.Debug|Any CPU.Build.0 = Debug|Any CPU
		{EBAB235A-D082-404A-980B-3DE368803437}.Release|Any CPU.ActiveCfg = Release|Any CPU
		{EBAB235A-D082-404A-980B-3DE368803437}.Release|Any CPU.Build.0 = Release|Any CPU
		{6F7AFC09-B43E-44F0-81C6-BC683D7EC4F4}.Debug|Any CPU.ActiveCfg = Debug|Any CPU
		{6F7AFC09-B43E-44F0-81C6-BC683D7EC4F4}.Debug|Any CPU.Build.0 = Debug|Any CPU
		{6F7AFC09-B43E-44F0-81C6-BC683D7EC4F4}.Release|Any CPU.ActiveCfg = Release|Any CPU
		{6F7AFC09-B43E-44F0-81C6-BC683D7EC4F4}.Release|Any CPU.Build.0 = Release|Any CPU
	EndGlobalSection
	GlobalSection(SolutionProperties) = preSolution
		HideSolutionNode = FALSE
	EndGlobalSection
EndGlobal
